
Microsoft Visual Studio Solution File, Format Version 12.00
# Visual Studio Version 16
VisualStudioVersion = 16.0.30907.101
MinimumVisualStudioVersion = 10.0.40219.1
Project("{9A19103F-16F7-4668-BE54-9A1E7A4F7556}") = "Entities", "Entities\Entities.csproj", "{7DF2BD5E-5DD7-44F8-A2FE-FED6BDDF0115}"
EndProject
Project("{9A19103F-16F7-4668-BE54-9A1E7A4F7556}") = "DataAccess", "DataAccess\DataAccess.csproj", "{0ECC33E5-A716-4DFE-AC8C-02A2E94770D3}"
EndProject
Project("{9A19103F-16F7-4668-BE54-9A1E7A4F7556}") = "Business", "Business\Business.csproj", "{5312DE8D-B807-45D3-AFD9-5730FCB60789}"
EndProject
Project("{9A19103F-16F7-4668-BE54-9A1E7A4F7556}") = "Core", "Core\Core.csproj", "{BF3F8A28-1DDE-4A3B-9D26-BEBF172BA795}"
EndProject
Project("{9A19103F-16F7-4668-BE54-9A1E7A4F7556}") = "WebAPI", "WebAPI\WebAPI.csproj", "{161CD862-443E-4FAA-9088-DE1F12A73EDC}"
EndProject
Global
	GlobalSection(SolutionConfigurationPlatforms) = preSolution
		Debug|Any CPU = Debug|Any CPU
		Release|Any CPU = Release|Any CPU
	EndGlobalSection
	GlobalSection(ProjectConfigurationPlatforms) = postSolution
		{7DF2BD5E-5DD7-44F8-A2FE-FED6BDDF0115}.Debug|Any CPU.ActiveCfg = Debug|Any CPU
		{7DF2BD5E-5DD7-44F8-A2FE-FED6BDDF0115}.Debug|Any CPU.Build.0 = Debug|Any CPU
		{7DF2BD5E-5DD7-44F8-A2FE-FED6BDDF0115}.Release|Any CPU.ActiveCfg = Release|Any CPU
		{7DF2BD5E-5DD7-44F8-A2FE-FED6BDDF0115}.Release|Any CPU.Build.0 = Release|Any CPU
		{0ECC33E5-A716-4DFE-AC8C-02A2E94770D3}.Debug|Any CPU.ActiveCfg = Debug|Any CPU
		{0ECC33E5-A716-4DFE-AC8C-02A2E94770D3}.Debug|Any CPU.Build.0 = Debug|Any CPU
		{0ECC33E5-A716-4DFE-AC8C-02A2E94770D3}.Release|Any CPU.ActiveCfg = Release|Any CPU
		{0ECC33E5-A716-4DFE-AC8C-02A2E94770D3}.Release|Any CPU.Build.0 = Release|Any CPU
		{5312DE8D-B807-45D3-AFD9-5730FCB60789}.Debug|Any CPU.ActiveCfg = Debug|Any CPU
		{5312DE8D-B807-45D3-AFD9-5730FCB60789}.Debug|Any CPU.Build.0 = Debug|Any CPU
		{5312DE8D-B807-45D3-AFD9-5730FCB60789}.Release|Any CPU.ActiveCfg = Release|Any CPU
		{5312DE8D-B807-45D3-AFD9-5730FCB60789}.Release|Any CPU.Build.0 = Release|Any CPU
		{BF3F8A28-1DDE-4A3B-9D26-BEBF172BA795}.Debug|Any CPU.ActiveCfg = Debug|Any CPU
		{BF3F8A28-1DDE-4A3B-9D26-BEBF172BA795}.Debug|Any CPU.Build.0 = Debug|Any CPU
		{BF3F8A28-1DDE-4A3B-9D26-BEBF172BA795}.Release|Any CPU.ActiveCfg = Release|Any CPU
		{BF3F8A28-1DDE-4A3B-9D26-BEBF172BA795}.Release|Any CPU.Build.0 = Release|Any CPU
		{161CD862-443E-4FAA-9088-DE1F12A73EDC}.Debug|Any CPU.ActiveCfg = Debug|Any CPU
		{161CD862-443E-4FAA-9088-DE1F12A73EDC}.Debug|Any CPU.Build.0 = Debug|Any CPU
		{161CD862-443E-4FAA-9088-DE1F12A73EDC}.Release|Any CPU.ActiveCfg = Release|Any CPU
		{161CD862-443E-4FAA-9088-DE1F12A73EDC}.Release|Any CPU.Build.0 = Release|Any CPU
	EndGlobalSection
	GlobalSection(SolutionProperties) = preSolution
		HideSolutionNode = FALSE
	EndGlobalSection
	GlobalSection(ExtensibilityGlobals) = postSolution
		SolutionGuid = {5FA50979-1AA3-4F7D-A0C0-1BA9639A7341}
	EndGlobalSection
EndGlobal
